
Microsoft Visual Studio Solution File, Format Version 12.00
# Visual Studio Version 16
VisualStudioVersion = 16.0.29306.81
MinimumVisualStudioVersion = 10.0.40219.1
Project("{FAE04EC0-301F-11D3-BF4B-00C04F79EFBC}") = "LoanFinancing", "LoanFinancing.csproj", "{0F133F15-13AC-4360-A12D-4B1AA681E6A3}"
EndProject
Global
	GlobalSection(SolutionConfigurationPlatforms) = preSolution
		Debug|Any CPU = Debug|Any CPU
		Release|Any CPU = Release|Any CPU
	EndGlobalSection
	GlobalSection(ProjectConfigurationPlatforms) = postSolution
		{0F133F15-13AC-4360-A12D-4B1AA681E6A3}.Debug|Any CPU.ActiveCfg = Debug|Any CPU
		{0F133F15-13AC-4360-A12D-4B1AA681E6A3}.Debug|Any CPU.Build.0 = Debug|Any CPU
		{0F133F15-13AC-4360-A12D-4B1AA681E6A3}.Release|Any CPU.ActiveCfg = Release|Any CPU
		{0F133F15-13AC-4360-A12D-4B1AA681E6A3}.Release|Any CPU.Build.0 = Release|Any CPU
	EndGlobalSection
	GlobalSection(SolutionProperties) = preSolution
		HideSolutionNode = FALSE
	EndGlobalSection
	GlobalSection(ExtensibilityGlobals) = postSolution
		SolutionGuid = {3AD08A1E-A144-40DC-BEC7-B6BE489AFFC2}
	EndGlobalSection
EndGlobal
